// !$*UTF8*$!
{
	archiveVersion = 1;
	classes = {
	};
	objectVersion = 56;
	objects = {

/* Begin PBXBuildFile section */
		704160092BA3DDC300196EFD /* AppDelegate.swift in Sources */ = {isa = PBXBuildFile; fileRef = 704160082BA3DDC300196EFD /* AppDelegate.swift */; };
		7041600D2BA3DDC300196EFD /* LoginViewController.swift in Sources */ = {isa = PBXBuildFile; fileRef = 7041600C2BA3DDC300196EFD /* LoginViewController.swift */; };
		704160122BA3DDC500196EFD /* Assets.xcassets in Resources */ = {isa = PBXBuildFile; fileRef = 704160112BA3DDC500196EFD /* Assets.xcassets */; };
		704160152BA3DDC500196EFD /* LaunchScreen.storyboard in Resources */ = {isa = PBXBuildFile; fileRef = 704160132BA3DDC500196EFD /* LaunchScreen.storyboard */; };
		704160202BA3DDC500196EFD /* BankeyTests.swift in Sources */ = {isa = PBXBuildFile; fileRef = 7041601F2BA3DDC500196EFD /* BankeyTests.swift */; };
		7041602A2BA3DDC500196EFD /* BankeyUITests.swift in Sources */ = {isa = PBXBuildFile; fileRef = 704160292BA3DDC500196EFD /* BankeyUITests.swift */; };
		7041602C2BA3DDC500196EFD /* BankeyUITestsLaunchTests.swift in Sources */ = {isa = PBXBuildFile; fileRef = 7041602B2BA3DDC500196EFD /* BankeyUITestsLaunchTests.swift */; };
		7041603B2BA3E28700196EFD /* LoginView.swift in Sources */ = {isa = PBXBuildFile; fileRef = 7041603A2BA3E28700196EFD /* LoginView.swift */; };
		7041603E2BA45E8C00196EFD /* OnboardingContainerViewController.swift in Sources */ = {isa = PBXBuildFile; fileRef = 7041603D2BA45E8C00196EFD /* OnboardingContainerViewController.swift */; };
		704160402BA514FD00196EFD /* OnboardingViewController.swift in Sources */ = {isa = PBXBuildFile; fileRef = 7041603F2BA514FD00196EFD /* OnboardingViewController.swift */; };
		704160422BA52CCB00196EFD /* DummyViewController.swift in Sources */ = {isa = PBXBuildFile; fileRef = 704160412BA52CCB00196EFD /* DummyViewController.swift */; };
		704160452BA5316F00196EFD /* LocalState.swift in Sources */ = {isa = PBXBuildFile; fileRef = 704160442BA5316F00196EFD /* LocalState.swift */; };
		704160472BA56BD700196EFD /* UIViewController+Utils.swift in Sources */ = {isa = PBXBuildFile; fileRef = 704160462BA56BD700196EFD /* UIViewController+Utils.swift */; };
		704160492BA56D5900196EFD /* MainViewController.swift in Sources */ = {isa = PBXBuildFile; fileRef = 704160482BA56D5900196EFD /* MainViewController.swift */; };
		7041604C2BA5788B00196EFD /* AccountSummaryViewController.swift in Sources */ = {isa = PBXBuildFile; fileRef = 7041604B2BA5788B00196EFD /* AccountSummaryViewController.swift */; };
		7041604E2BA583B200196EFD /* AccountSummaryHeaderView.swift in Sources */ = {isa = PBXBuildFile; fileRef = 7041604D2BA583B200196EFD /* AccountSummaryHeaderView.swift */; };
		704160502BA583D800196EFD /* AccountSummaryHeaderView.xib in Resources */ = {isa = PBXBuildFile; fileRef = 7041604F2BA583D800196EFD /* AccountSummaryHeaderView.xib */; };
		704160542BA677EB00196EFD /* AccountSummaryCell.swift in Sources */ = {isa = PBXBuildFile; fileRef = 704160532BA677EB00196EFD /* AccountSummaryCell.swift */; };
		70D5FF762BA6A4BA007141D6 /* DecimalUtils.swift in Sources */ = {isa = PBXBuildFile; fileRef = 70D5FF752BA6A4BA007141D6 /* DecimalUtils.swift */; };
		70D5FF782BA6A553007141D6 /* CurrencyFormatter.swift in Sources */ = {isa = PBXBuildFile; fileRef = 70D5FF772BA6A553007141D6 /* CurrencyFormatter.swift */; };
		70D5FF7A2BA6B01F007141D6 /* CurrencyFormatterTests.swift in Sources */ = {isa = PBXBuildFile; fileRef = 70D5FF792BA6B01F007141D6 /* CurrencyFormatterTests.swift */; };
/* End PBXBuildFile section */

/* Begin PBXContainerItemProxy section */
		7041601C2BA3DDC500196EFD /* PBXContainerItemProxy */ = {
			isa = PBXContainerItemProxy;
			containerPortal = 70415FFD2BA3DDC300196EFD /* Project object */;
			proxyType = 1;
			remoteGlobalIDString = 704160042BA3DDC300196EFD;
			remoteInfo = Bankey;
		};
		704160262BA3DDC500196EFD /* PBXContainerItemProxy */ = {
			isa = PBXContainerItemProxy;
			containerPortal = 70415FFD2BA3DDC300196EFD /* Project object */;
			proxyType = 1;
			remoteGlobalIDString = 704160042BA3DDC300196EFD;
			remoteInfo = Bankey;
		};
/* End PBXContainerItemProxy section */

/* Begin PBXFileReference section */
		704160052BA3DDC300196EFD /* Bankey.app */ = {isa = PBXFileReference; explicitFileType = wrapper.application; includeInIndex = 0; path = Bankey.app; sourceTree = BUILT_PRODUCTS_DIR; };
		704160082BA3DDC300196EFD /* AppDelegate.swift */ = {isa = PBXFileReference; lastKnownFileType = sourcecode.swift; path = AppDelegate.swift; sourceTree = "<group>"; };
		7041600C2BA3DDC300196EFD /* LoginViewController.swift */ = {isa = PBXFileReference; lastKnownFileType = sourcecode.swift; path = LoginViewController.swift; sourceTree = "<group>"; };
		704160112BA3DDC500196EFD /* Assets.xcassets */ = {isa = PBXFileReference; lastKnownFileType = folder.assetcatalog; path = Assets.xcassets; sourceTree = "<group>"; };
		704160142BA3DDC500196EFD /* Base */ = {isa = PBXFileReference; lastKnownFileType = file.storyboard; name = Base; path = Base.lproj/LaunchScreen.storyboard; sourceTree = "<group>"; };
		704160162BA3DDC500196EFD /* Info.plist */ = {isa = PBXFileReference; lastKnownFileType = text.plist.xml; path = Info.plist; sourceTree = "<group>"; };
		7041601B2BA3DDC500196EFD /* BankeyTests.xctest */ = {isa = PBXFileReference; explicitFileType = wrapper.cfbundle; includeInIndex = 0; path = BankeyTests.xctest; sourceTree = BUILT_PRODUCTS_DIR; };
		7041601F2BA3DDC500196EFD /* BankeyTests.swift */ = {isa = PBXFileReference; lastKnownFileType = sourcecode.swift; path = BankeyTests.swift; sourceTree = "<group>"; };
		704160252BA3DDC500196EFD /* BankeyUITests.xctest */ = {isa = PBXFileReference; explicitFileType = wrapper.cfbundle; includeInIndex = 0; path = BankeyUITests.xctest; sourceTree = BUILT_PRODUCTS_DIR; };
		704160292BA3DDC500196EFD /* BankeyUITests.swift */ = {isa = PBXFileReference; lastKnownFileType = sourcecode.swift; path = BankeyUITests.swift; sourceTree = "<group>"; };
		7041602B2BA3DDC500196EFD /* BankeyUITestsLaunchTests.swift */ = {isa = PBXFileReference; lastKnownFileType = sourcecode.swift; path = BankeyUITestsLaunchTests.swift; sourceTree = "<group>"; };
		7041603A2BA3E28700196EFD /* LoginView.swift */ = {isa = PBXFileReference; lastKnownFileType = sourcecode.swift; path = LoginView.swift; sourceTree = "<group>"; };
		7041603D2BA45E8C00196EFD /* OnboardingContainerViewController.swift */ = {isa = PBXFileReference; lastKnownFileType = sourcecode.swift; path = OnboardingContainerViewController.swift; sourceTree = "<group>"; };
		7041603F2BA514FD00196EFD /* OnboardingViewController.swift */ = {isa = PBXFileReference; lastKnownFileType = sourcecode.swift; path = OnboardingViewController.swift; sourceTree = "<group>"; };
		704160412BA52CCB00196EFD /* DummyViewController.swift */ = {isa = PBXFileReference; lastKnownFileType = sourcecode.swift; path = DummyViewController.swift; sourceTree = "<group>"; };
		704160442BA5316F00196EFD /* LocalState.swift */ = {isa = PBXFileReference; lastKnownFileType = sourcecode.swift; path = LocalState.swift; sourceTree = "<group>"; };
		704160462BA56BD700196EFD /* UIViewController+Utils.swift */ = {isa = PBXFileReference; lastKnownFileType = sourcecode.swift; path = "UIViewController+Utils.swift"; sourceTree = "<group>"; };
		704160482BA56D5900196EFD /* MainViewController.swift */ = {isa = PBXFileReference; lastKnownFileType = sourcecode.swift; path = MainViewController.swift; sourceTree = "<group>"; };
		7041604B2BA5788B00196EFD /* AccountSummaryViewController.swift */ = {isa = PBXFileReference; lastKnownFileType = sourcecode.swift; path = AccountSummaryViewController.swift; sourceTree = "<group>"; };
		7041604D2BA583B200196EFD /* AccountSummaryHeaderView.swift */ = {isa = PBXFileReference; lastKnownFileType = sourcecode.swift; path = AccountSummaryHeaderView.swift; sourceTree = "<group>"; };
		7041604F2BA583D800196EFD /* AccountSummaryHeaderView.xib */ = {isa = PBXFileReference; lastKnownFileType = file.xib; path = AccountSummaryHeaderView.xib; sourceTree = "<group>"; };
		704160532BA677EB00196EFD /* AccountSummaryCell.swift */ = {isa = PBXFileReference; lastKnownFileType = sourcecode.swift; path = AccountSummaryCell.swift; sourceTree = "<group>"; };
		70D5FF752BA6A4BA007141D6 /* DecimalUtils.swift */ = {isa = PBXFileReference; lastKnownFileType = sourcecode.swift; path = DecimalUtils.swift; sourceTree = "<group>"; };
		70D5FF772BA6A553007141D6 /* CurrencyFormatter.swift */ = {isa = PBXFileReference; lastKnownFileType = sourcecode.swift; path = CurrencyFormatter.swift; sourceTree = "<group>"; };
		70D5FF792BA6B01F007141D6 /* CurrencyFormatterTests.swift */ = {isa = PBXFileReference; lastKnownFileType = sourcecode.swift; path = CurrencyFormatterTests.swift; sourceTree = "<group>"; };
/* End PBXFileReference section */

/* Begin PBXFrameworksBuildPhase section */
		704160022BA3DDC300196EFD /* Frameworks */ = {
			isa = PBXFrameworksBuildPhase;
			buildActionMask = 2147483647;
			files = (
			);
			runOnlyForDeploymentPostprocessing = 0;
		};
		704160182BA3DDC500196EFD /* Frameworks */ = {
			isa = PBXFrameworksBuildPhase;
			buildActionMask = 2147483647;
			files = (
			);
			runOnlyForDeploymentPostprocessing = 0;
		};
		704160222BA3DDC500196EFD /* Frameworks */ = {
			isa = PBXFrameworksBuildPhase;
			buildActionMask = 2147483647;
			files = (
			);
			runOnlyForDeploymentPostprocessing = 0;
		};
/* End PBXFrameworksBuildPhase section */

/* Begin PBXGroup section */
		70415FFC2BA3DDC300196EFD = {
			isa = PBXGroup;
			children = (
				704160072BA3DDC300196EFD /* Bankey */,
				7041601E2BA3DDC500196EFD /* BankeyTests */,
				704160282BA3DDC500196EFD /* BankeyUITests */,
				704160062BA3DDC300196EFD /* Products */,
			);
			sourceTree = "<group>";
		};
		704160062BA3DDC300196EFD /* Products */ = {
			isa = PBXGroup;
			children = (
				704160052BA3DDC300196EFD /* Bankey.app */,
				7041601B2BA3DDC500196EFD /* BankeyTests.xctest */,
				704160252BA3DDC500196EFD /* BankeyUITests.xctest */,
			);
			name = Products;
			sourceTree = "<group>";
		};
		704160072BA3DDC300196EFD /* Bankey */ = {
			isa = PBXGroup;
			children = (
				704160082BA3DDC300196EFD /* AppDelegate.swift */,
				704160482BA56D5900196EFD /* MainViewController.swift */,
				704160392BA3E26000196EFD /* Login */,
				7041603C2BA45E6D00196EFD /* Onboarding */,
				7041604A2BA5786C00196EFD /* AccountSummary */,
				704160432BA5315A00196EFD /* Utils */,
				704160382BA3E22500196EFD /* Files */,
			);
			path = Bankey;
			sourceTree = "<group>";
		};
		7041601E2BA3DDC500196EFD /* BankeyTests */ = {
			isa = PBXGroup;
			children = (
				7041601F2BA3DDC500196EFD /* BankeyTests.swift */,
				70D5FF792BA6B01F007141D6 /* CurrencyFormatterTests.swift */,
			);
			path = BankeyTests;
			sourceTree = "<group>";
		};
		704160282BA3DDC500196EFD /* BankeyUITests */ = {
			isa = PBXGroup;
			children = (
				704160292BA3DDC500196EFD /* BankeyUITests.swift */,
				7041602B2BA3DDC500196EFD /* BankeyUITestsLaunchTests.swift */,
			);
			path = BankeyUITests;
			sourceTree = "<group>";
		};
		704160382BA3E22500196EFD /* Files */ = {
			isa = PBXGroup;
			children = (
				704160112BA3DDC500196EFD /* Assets.xcassets */,
				704160132BA3DDC500196EFD /* LaunchScreen.storyboard */,
				704160162BA3DDC500196EFD /* Info.plist */,
			);
			name = Files;
			sourceTree = "<group>";
		};
		704160392BA3E26000196EFD /* Login */ = {
			isa = PBXGroup;
			children = (
				7041600C2BA3DDC300196EFD /* LoginViewController.swift */,
				7041603A2BA3E28700196EFD /* LoginView.swift */,
				704160412BA52CCB00196EFD /* DummyViewController.swift */,
			);
			name = Login;
			sourceTree = "<group>";
		};
		7041603C2BA45E6D00196EFD /* Onboarding */ = {
			isa = PBXGroup;
			children = (
				7041603D2BA45E8C00196EFD /* OnboardingContainerViewController.swift */,
				7041603F2BA514FD00196EFD /* OnboardingViewController.swift */,
			);
			name = Onboarding;
			sourceTree = "<group>";
		};
		704160432BA5315A00196EFD /* Utils */ = {
			isa = PBXGroup;
			children = (
				704160442BA5316F00196EFD /* LocalState.swift */,
				704160462BA56BD700196EFD /* UIViewController+Utils.swift */,
				70D5FF752BA6A4BA007141D6 /* DecimalUtils.swift */,
				70D5FF772BA6A553007141D6 /* CurrencyFormatter.swift */,
			);
			name = Utils;
			sourceTree = "<group>";
		};
		7041604A2BA5786C00196EFD /* AccountSummary */ = {
			isa = PBXGroup;
			children = (
				7041604B2BA5788B00196EFD /* AccountSummaryViewController.swift */,
				704160512BA677AE00196EFD /* Header */,
				704160522BA677C600196EFD /* Cells */,
			);
			name = AccountSummary;
			sourceTree = "<group>";
		};
		704160512BA677AE00196EFD /* Header */ = {
			isa = PBXGroup;
			children = (
				7041604D2BA583B200196EFD /* AccountSummaryHeaderView.swift */,
				7041604F2BA583D800196EFD /* AccountSummaryHeaderView.xib */,
			);
			name = Header;
			sourceTree = "<group>";
		};
		704160522BA677C600196EFD /* Cells */ = {
			isa = PBXGroup;
			children = (
				704160532BA677EB00196EFD /* AccountSummaryCell.swift */,
			);
			name = Cells;
			sourceTree = "<group>";
		};
/* End PBXGroup section */

/* Begin PBXNativeTarget section */
		704160042BA3DDC300196EFD /* Bankey */ = {
			isa = PBXNativeTarget;
			buildConfigurationList = 7041602F2BA3DDC500196EFD /* Build configuration list for PBXNativeTarget "Bankey" */;
			buildPhases = (
				704160012BA3DDC300196EFD /* Sources */,
				704160022BA3DDC300196EFD /* Frameworks */,
				704160032BA3DDC300196EFD /* Resources */,
			);
			buildRules = (
			);
			dependencies = (
			);
			name = Bankey;
			productName = Bankey;
			productReference = 704160052BA3DDC300196EFD /* Bankey.app */;
			productType = "com.apple.product-type.application";
		};
		7041601A2BA3DDC500196EFD /* BankeyTests */ = {
			isa = PBXNativeTarget;
			buildConfigurationList = 704160322BA3DDC500196EFD /* Build configuration list for PBXNativeTarget "BankeyTests" */;
			buildPhases = (
				704160172BA3DDC500196EFD /* Sources */,
				704160182BA3DDC500196EFD /* Frameworks */,
				704160192BA3DDC500196EFD /* Resources */,
			);
			buildRules = (
			);
			dependencies = (
				7041601D2BA3DDC500196EFD /* PBXTargetDependency */,
			);
			name = BankeyTests;
			productName = BankeyTests;
			productReference = 7041601B2BA3DDC500196EFD /* BankeyTests.xctest */;
			productType = "com.apple.product-type.bundle.unit-test";
		};
		704160242BA3DDC500196EFD /* BankeyUITests */ = {
			isa = PBXNativeTarget;
			buildConfigurationList = 704160352BA3DDC500196EFD /* Build configuration list for PBXNativeTarget "BankeyUITests" */;
			buildPhases = (
				704160212BA3DDC500196EFD /* Sources */,
				704160222BA3DDC500196EFD /* Frameworks */,
				704160232BA3DDC500196EFD /* Resources */,
			);
			buildRules = (
			);
			dependencies = (
				704160272BA3DDC500196EFD /* PBXTargetDependency */,
			);
			name = BankeyUITests;
			productName = BankeyUITests;
			productReference = 704160252BA3DDC500196EFD /* BankeyUITests.xctest */;
			productType = "com.apple.product-type.bundle.ui-testing";
		};
/* End PBXNativeTarget section */

/* Begin PBXProject section */
		70415FFD2BA3DDC300196EFD /* Project object */ = {
			isa = PBXProject;
			attributes = {
				BuildIndependentTargetsInParallel = 1;
				LastSwiftUpdateCheck = 1500;
				LastUpgradeCheck = 1500;
				TargetAttributes = {
					704160042BA3DDC300196EFD = {
						CreatedOnToolsVersion = 15.0.1;
					};
					7041601A2BA3DDC500196EFD = {
						CreatedOnToolsVersion = 15.0.1;
						TestTargetID = 704160042BA3DDC300196EFD;
					};
					704160242BA3DDC500196EFD = {
						CreatedOnToolsVersion = 15.0.1;
						TestTargetID = 704160042BA3DDC300196EFD;
					};
				};
			};
			buildConfigurationList = 704160002BA3DDC300196EFD /* Build configuration list for PBXProject "Bankey" */;
			compatibilityVersion = "Xcode 14.0";
			developmentRegion = en;
			hasScannedForEncodings = 0;
			knownRegions = (
				en,
				Base,
			);
			mainGroup = 70415FFC2BA3DDC300196EFD;
			productRefGroup = 704160062BA3DDC300196EFD /* Products */;
			projectDirPath = "";
			projectRoot = "";
			targets = (
				704160042BA3DDC300196EFD /* Bankey */,
				7041601A2BA3DDC500196EFD /* BankeyTests */,
				704160242BA3DDC500196EFD /* BankeyUITests */,
			);
		};
/* End PBXProject section */

/* Begin PBXResourcesBuildPhase section */
		704160032BA3DDC300196EFD /* Resources */ = {
			isa = PBXResourcesBuildPhase;
			buildActionMask = 2147483647;
			files = (
				704160502BA583D800196EFD /* AccountSummaryHeaderView.xib in Resources */,
				704160152BA3DDC500196EFD /* LaunchScreen.storyboard in Resources */,
				704160122BA3DDC500196EFD /* Assets.xcassets in Resources */,
			);
			runOnlyForDeploymentPostprocessing = 0;
		};
		704160192BA3DDC500196EFD /* Resources */ = {
			isa = PBXResourcesBuildPhase;
			buildActionMask = 2147483647;
			files = (
			);
			runOnlyForDeploymentPostprocessing = 0;
		};
		704160232BA3DDC500196EFD /* Resources */ = {
			isa = PBXResourcesBuildPhase;
			buildActionMask = 2147483647;
			files = (
			);
			runOnlyForDeploymentPostprocessing = 0;
		};
/* End PBXResourcesBuildPhase section */

/* Begin PBXSourcesBuildPhase section */
		704160012BA3DDC300196EFD /* Sources */ = {
			isa = PBXSourcesBuildPhase;
			buildActionMask = 2147483647;
			files = (
				704160472BA56BD700196EFD /* UIViewController+Utils.swift in Sources */,
				7041603B2BA3E28700196EFD /* LoginView.swift in Sources */,
				704160452BA5316F00196EFD /* LocalState.swift in Sources */,
				7041604E2BA583B200196EFD /* AccountSummaryHeaderView.swift in Sources */,
				704160422BA52CCB00196EFD /* DummyViewController.swift in Sources */,
				70D5FF782BA6A553007141D6 /* CurrencyFormatter.swift in Sources */,
				70D5FF762BA6A4BA007141D6 /* DecimalUtils.swift in Sources */,
				7041600D2BA3DDC300196EFD /* LoginViewController.swift in Sources */,
				704160542BA677EB00196EFD /* AccountSummaryCell.swift in Sources */,
				704160402BA514FD00196EFD /* OnboardingViewController.swift in Sources */,
				704160492BA56D5900196EFD /* MainViewController.swift in Sources */,
				7041604C2BA5788B00196EFD /* AccountSummaryViewController.swift in Sources */,
				704160092BA3DDC300196EFD /* AppDelegate.swift in Sources */,
				7041603E2BA45E8C00196EFD /* OnboardingContainerViewController.swift in Sources */,
			);
			runOnlyForDeploymentPostprocessing = 0;
		};
		704160172BA3DDC500196EFD /* Sources */ = {
			isa = PBXSourcesBuildPhase;
			buildActionMask = 2147483647;
			files = (
				704160202BA3DDC500196EFD /* BankeyTests.swift in Sources */,
				70D5FF7A2BA6B01F007141D6 /* CurrencyFormatterTests.swift in Sources */,
			);
			runOnlyForDeploymentPostprocessing = 0;
		};
		704160212BA3DDC500196EFD /* Sources */ = {
			isa = PBXSourcesBuildPhase;
			buildActionMask = 2147483647;
			files = (
				7041602C2BA3DDC500196EFD /* BankeyUITestsLaunchTests.swift in Sources */,
				7041602A2BA3DDC500196EFD /* BankeyUITests.swift in Sources */,
			);
			runOnlyForDeploymentPostprocessing = 0;
		};
/* End PBXSourcesBuildPhase section */

/* Begin PBXTargetDependency section */
		7041601D2BA3DDC500196EFD /* PBXTargetDependency */ = {
			isa = PBXTargetDependency;
			target = 704160042BA3DDC300196EFD /* Bankey */;
			targetProxy = 7041601C2BA3DDC500196EFD /* PBXContainerItemProxy */;
		};
		704160272BA3DDC500196EFD /* PBXTargetDependency */ = {
			isa = PBXTargetDependency;
			target = 704160042BA3DDC300196EFD /* Bankey */;
			targetProxy = 704160262BA3DDC500196EFD /* PBXContainerItemProxy */;
		};
/* End PBXTargetDependency section */

/* Begin PBXVariantGroup section */
		704160132BA3DDC500196EFD /* LaunchScreen.storyboard */ = {
			isa = PBXVariantGroup;
			children = (
				704160142BA3DDC500196EFD /* Base */,
			);
			name = LaunchScreen.storyboard;
			sourceTree = "<group>";
		};
/* End PBXVariantGroup section */

/* Begin XCBuildConfiguration section */
		7041602D2BA3DDC500196EFD /* Debug */ = {
			isa = XCBuildConfiguration;
			buildSettings = {
				ALWAYS_SEARCH_USER_PATHS = NO;
				ASSETCATALOG_COMPILER_GENERATE_SWIFT_ASSET_SYMBOL_EXTENSIONS = YES;
				CLANG_ANALYZER_NONNULL = YES;
				CLANG_ANALYZER_NUMBER_OBJECT_CONVERSION = YES_AGGRESSIVE;
				CLANG_CXX_LANGUAGE_STANDARD = "gnu++20";
				CLANG_ENABLE_MODULES = YES;
				CLANG_ENABLE_OBJC_ARC = YES;
				CLANG_ENABLE_OBJC_WEAK = YES;
				CLANG_WARN_BLOCK_CAPTURE_AUTORELEASING = YES;
				CLANG_WARN_BOOL_CONVERSION = YES;
				CLANG_WARN_COMMA = YES;
				CLANG_WARN_CONSTANT_CONVERSION = YES;
				CLANG_WARN_DEPRECATED_OBJC_IMPLEMENTATIONS = YES;
				CLANG_WARN_DIRECT_OBJC_ISA_USAGE = YES_ERROR;
				CLANG_WARN_DOCUMENTATION_COMMENTS = YES;
				CLANG_WARN_EMPTY_BODY = YES;
				CLANG_WARN_ENUM_CONVERSION = YES;
				CLANG_WARN_INFINITE_RECURSION = YES;
				CLANG_WARN_INT_CONVERSION = YES;
				CLANG_WARN_NON_LITERAL_NULL_CONVERSION = YES;
				CLANG_WARN_OBJC_IMPLICIT_RETAIN_SELF = YES;
				CLANG_WARN_OBJC_LITERAL_CONVERSION = YES;
				CLANG_WARN_OBJC_ROOT_CLASS = YES_ERROR;
				CLANG_WARN_QUOTED_INCLUDE_IN_FRAMEWORK_HEADER = YES;
				CLANG_WARN_RANGE_LOOP_ANALYSIS = YES;
				CLANG_WARN_STRICT_PROTOTYPES = YES;
				CLANG_WARN_SUSPICIOUS_MOVE = YES;
				CLANG_WARN_UNGUARDED_AVAILABILITY = YES_AGGRESSIVE;
				CLANG_WARN_UNREACHABLE_CODE = YES;
				CLANG_WARN__DUPLICATE_METHOD_MATCH = YES;
				COPY_PHASE_STRIP = NO;
				DEBUG_INFORMATION_FORMAT = dwarf;
				ENABLE_STRICT_OBJC_MSGSEND = YES;
				ENABLE_TESTABILITY = YES;
				ENABLE_USER_SCRIPT_SANDBOXING = YES;
				GCC_C_LANGUAGE_STANDARD = gnu17;
				GCC_DYNAMIC_NO_PIC = NO;
				GCC_NO_COMMON_BLOCKS = YES;
				GCC_OPTIMIZATION_LEVEL = 0;
				GCC_PREPROCESSOR_DEFINITIONS = (
					"DEBUG=1",
					"$(inherited)",
				);
				GCC_WARN_64_TO_32_BIT_CONVERSION = YES;
				GCC_WARN_ABOUT_RETURN_TYPE = YES_ERROR;
				GCC_WARN_UNDECLARED_SELECTOR = YES;
				GCC_WARN_UNINITIALIZED_AUTOS = YES_AGGRESSIVE;
				GCC_WARN_UNUSED_FUNCTION = YES;
				GCC_WARN_UNUSED_VARIABLE = YES;
				IPHONEOS_DEPLOYMENT_TARGET = 17.0;
				LOCALIZATION_PREFERS_STRING_CATALOGS = YES;
				MTL_ENABLE_DEBUG_INFO = INCLUDE_SOURCE;
				MTL_FAST_MATH = YES;
				ONLY_ACTIVE_ARCH = YES;
				SDKROOT = iphoneos;
				SWIFT_ACTIVE_COMPILATION_CONDITIONS = "DEBUG $(inherited)";
				SWIFT_OPTIMIZATION_LEVEL = "-Onone";
			};
			name = Debug;
		};
		7041602E2BA3DDC500196EFD /* Release */ = {
			isa = XCBuildConfiguration;
			buildSettings = {
				ALWAYS_SEARCH_USER_PATHS = NO;
				ASSETCATALOG_COMPILER_GENERATE_SWIFT_ASSET_SYMBOL_EXTENSIONS = YES;
				CLANG_ANALYZER_NONNULL = YES;
				CLANG_ANALYZER_NUMBER_OBJECT_CONVERSION = YES_AGGRESSIVE;
				CLANG_CXX_LANGUAGE_STANDARD = "gnu++20";
				CLANG_ENABLE_MODULES = YES;
				CLANG_ENABLE_OBJC_ARC = YES;
				CLANG_ENABLE_OBJC_WEAK = YES;
				CLANG_WARN_BLOCK_CAPTURE_AUTORELEASING = YES;
				CLANG_WARN_BOOL_CONVERSION = YES;
				CLANG_WARN_COMMA = YES;
				CLANG_WARN_CONSTANT_CONVERSION = YES;
				CLANG_WARN_DEPRECATED_OBJC_IMPLEMENTATIONS = YES;
				CLANG_WARN_DIRECT_OBJC_ISA_USAGE = YES_ERROR;
				CLANG_WARN_DOCUMENTATION_COMMENTS = YES;
				CLANG_WARN_EMPTY_BODY = YES;
				CLANG_WARN_ENUM_CONVERSION = YES;
				CLANG_WARN_INFINITE_RECURSION = YES;
				CLANG_WARN_INT_CONVERSION = YES;
				CLANG_WARN_NON_LITERAL_NULL_CONVERSION = YES;
				CLANG_WARN_OBJC_IMPLICIT_RETAIN_SELF = YES;
				CLANG_WARN_OBJC_LITERAL_CONVERSION = YES;
				CLANG_WARN_OBJC_ROOT_CLASS = YES_ERROR;
				CLANG_WARN_QUOTED_INCLUDE_IN_FRAMEWORK_HEADER = YES;
				CLANG_WARN_RANGE_LOOP_ANALYSIS = YES;
				CLANG_WARN_STRICT_PROTOTYPES = YES;
				CLANG_WARN_SUSPICIOUS_MOVE = YES;
				CLANG_WARN_UNGUARDED_AVAILABILITY = YES_AGGRESSIVE;
				CLANG_WARN_UNREACHABLE_CODE = YES;
				CLANG_WARN__DUPLICATE_METHOD_MATCH = YES;
				COPY_PHASE_STRIP = NO;
				DEBUG_INFORMATION_FORMAT = "dwarf-with-dsym";
				ENABLE_NS_ASSERTIONS = NO;
				ENABLE_STRICT_OBJC_MSGSEND = YES;
				ENABLE_USER_SCRIPT_SANDBOXING = YES;
				GCC_C_LANGUAGE_STANDARD = gnu17;
				GCC_NO_COMMON_BLOCKS = YES;
				GCC_WARN_64_TO_32_BIT_CONVERSION = YES;
				GCC_WARN_ABOUT_RETURN_TYPE = YES_ERROR;
				GCC_WARN_UNDECLARED_SELECTOR = YES;
				GCC_WARN_UNINITIALIZED_AUTOS = YES_AGGRESSIVE;
				GCC_WARN_UNUSED_FUNCTION = YES;
				GCC_WARN_UNUSED_VARIABLE = YES;
				IPHONEOS_DEPLOYMENT_TARGET = 17.0;
				LOCALIZATION_PREFERS_STRING_CATALOGS = YES;
				MTL_ENABLE_DEBUG_INFO = NO;
				MTL_FAST_MATH = YES;
				SDKROOT = iphoneos;
				SWIFT_COMPILATION_MODE = wholemodule;
				VALIDATE_PRODUCT = YES;
			};
			name = Release;
		};
		704160302BA3DDC500196EFD /* Debug */ = {
			isa = XCBuildConfiguration;
			buildSettings = {
				ASSETCATALOG_COMPILER_APPICON_NAME = AppIcon;
				ASSETCATALOG_COMPILER_GLOBAL_ACCENT_COLOR_NAME = AccentColor;
				CODE_SIGN_STYLE = Automatic;
				CURRENT_PROJECT_VERSION = 1;
				DEVELOPMENT_TEAM = 3FD7AHY7SL;
				GENERATE_INFOPLIST_FILE = YES;
				INFOPLIST_FILE = Bankey/Info.plist;
				INFOPLIST_KEY_UIApplicationSupportsIndirectInputEvents = YES;
				INFOPLIST_KEY_UILaunchStoryboardName = LaunchScreen;
				INFOPLIST_KEY_UISupportedInterfaceOrientations_iPad = "UIInterfaceOrientationPortrait UIInterfaceOrientationPortraitUpsideDown UIInterfaceOrientationLandscapeLeft UIInterfaceOrientationLandscapeRight";
				INFOPLIST_KEY_UISupportedInterfaceOrientations_iPhone = "UIInterfaceOrientationPortrait UIInterfaceOrientationLandscapeLeft UIInterfaceOrientationLandscapeRight";
				LD_RUNPATH_SEARCH_PATHS = (
					"$(inherited)",
					"@executable_path/Frameworks",
				);
				MARKETING_VERSION = 1.0;
				PRODUCT_BUNDLE_IDENTIFIER = com.junyoo.Bankey;
				PRODUCT_NAME = "$(TARGET_NAME)";
				SWIFT_EMIT_LOC_STRINGS = YES;
				SWIFT_VERSION = 5.0;
				TARGETED_DEVICE_FAMILY = "1,2";
			};
			name = Debug;
		};
		704160312BA3DDC500196EFD /* Release */ = {
			isa = XCBuildConfiguration;
			buildSettings = {
				ASSETCATALOG_COMPILER_APPICON_NAME = AppIcon;
				ASSETCATALOG_COMPILER_GLOBAL_ACCENT_COLOR_NAME = AccentColor;
				CODE_SIGN_STYLE = Automatic;
				CURRENT_PROJECT_VERSION = 1;
				DEVELOPMENT_TEAM = 3FD7AHY7SL;
				GENERATE_INFOPLIST_FILE = YES;
				INFOPLIST_FILE = Bankey/Info.plist;
				INFOPLIST_KEY_UIApplicationSupportsIndirectInputEvents = YES;
				INFOPLIST_KEY_UILaunchStoryboardName = LaunchScreen;
				INFOPLIST_KEY_UISupportedInterfaceOrientations_iPad = "UIInterfaceOrientationPortrait UIInterfaceOrientationPortraitUpsideDown UIInterfaceOrientationLandscapeLeft UIInterfaceOrientationLandscapeRight";
				INFOPLIST_KEY_UISupportedInterfaceOrientations_iPhone = "UIInterfaceOrientationPortrait UIInterfaceOrientationLandscapeLeft UIInterfaceOrientationLandscapeRight";
				LD_RUNPATH_SEARCH_PATHS = (
					"$(inherited)",
					"@executable_path/Frameworks",
				);
				MARKETING_VERSION = 1.0;
				PRODUCT_BUNDLE_IDENTIFIER = com.junyoo.Bankey;
				PRODUCT_NAME = "$(TARGET_NAME)";
				SWIFT_EMIT_LOC_STRINGS = YES;
				SWIFT_VERSION = 5.0;
				TARGETED_DEVICE_FAMILY = "1,2";
			};
			name = Release;
		};
		704160332BA3DDC500196EFD /* Debug */ = {
			isa = XCBuildConfiguration;
			buildSettings = {
				ALWAYS_EMBED_SWIFT_STANDARD_LIBRARIES = YES;
				BUNDLE_LOADER = "$(TEST_HOST)";
				CODE_SIGN_STYLE = Automatic;
				CURRENT_PROJECT_VERSION = 1;
				DEVELOPMENT_TEAM = 3FD7AHY7SL;
				GENERATE_INFOPLIST_FILE = YES;
				IPHONEOS_DEPLOYMENT_TARGET = 17.0;
				MARKETING_VERSION = 1.0;
				PRODUCT_BUNDLE_IDENTIFIER = com.junyoo.BankeyTests;
				PRODUCT_NAME = "$(TARGET_NAME)";
				SWIFT_EMIT_LOC_STRINGS = NO;
				SWIFT_VERSION = 5.0;
				TARGETED_DEVICE_FAMILY = "1,2";
				TEST_HOST = "$(BUILT_PRODUCTS_DIR)/Bankey.app/$(BUNDLE_EXECUTABLE_FOLDER_PATH)/Bankey";
			};
			name = Debug;
		};
		704160342BA3DDC500196EFD /* Release */ = {
			isa = XCBuildConfiguration;
			buildSettings = {
				ALWAYS_EMBED_SWIFT_STANDARD_LIBRARIES = YES;
				BUNDLE_LOADER = "$(TEST_HOST)";
				CODE_SIGN_STYLE = Automatic;
				CURRENT_PROJECT_VERSION = 1;
				DEVELOPMENT_TEAM = 3FD7AHY7SL;
				GENERATE_INFOPLIST_FILE = YES;
				IPHONEOS_DEPLOYMENT_TARGET = 17.0;
				MARKETING_VERSION = 1.0;
				PRODUCT_BUNDLE_IDENTIFIER = com.junyoo.BankeyTests;
				PRODUCT_NAME = "$(TARGET_NAME)";
				SWIFT_EMIT_LOC_STRINGS = NO;
				SWIFT_VERSION = 5.0;
				TARGETED_DEVICE_FAMILY = "1,2";
				TEST_HOST = "$(BUILT_PRODUCTS_DIR)/Bankey.app/$(BUNDLE_EXECUTABLE_FOLDER_PATH)/Bankey";
			};
			name = Release;
		};
		704160362BA3DDC500196EFD /* Debug */ = {
			isa = XCBuildConfiguration;
			buildSettings = {
				ALWAYS_EMBED_SWIFT_STANDARD_LIBRARIES = YES;
				CODE_SIGN_STYLE = Automatic;
				CURRENT_PROJECT_VERSION = 1;
				DEVELOPMENT_TEAM = 3FD7AHY7SL;
				GENERATE_INFOPLIST_FILE = YES;
				MARKETING_VERSION = 1.0;
				PRODUCT_BUNDLE_IDENTIFIER = com.junyoo.BankeyUITests;
				PRODUCT_NAME = "$(TARGET_NAME)";
				SWIFT_EMIT_LOC_STRINGS = NO;
				SWIFT_VERSION = 5.0;
				TARGETED_DEVICE_FAMILY = "1,2";
				TEST_TARGET_NAME = Bankey;
			};
			name = Debug;
		};
		704160372BA3DDC500196EFD /* Release */ = {
			isa = XCBuildConfiguration;
			buildSettings = {
				ALWAYS_EMBED_SWIFT_STANDARD_LIBRARIES = YES;
				CODE_SIGN_STYLE = Automatic;
				CURRENT_PROJECT_VERSION = 1;
				DEVELOPMENT_TEAM = 3FD7AHY7SL;
				GENERATE_INFOPLIST_FILE = YES;
				MARKETING_VERSION = 1.0;
				PRODUCT_BUNDLE_IDENTIFIER = com.junyoo.BankeyUITests;
				PRODUCT_NAME = "$(TARGET_NAME)";
				SWIFT_EMIT_LOC_STRINGS = NO;
				SWIFT_VERSION = 5.0;
				TARGETED_DEVICE_FAMILY = "1,2";
				TEST_TARGET_NAME = Bankey;
			};
			name = Release;
		};
/* End XCBuildConfiguration section */

/* Begin XCConfigurationList section */
		704160002BA3DDC300196EFD /* Build configuration list for PBXProject "Bankey" */ = {
			isa = XCConfigurationList;
			buildConfigurations = (
				7041602D2BA3DDC500196EFD /* Debug */,
				7041602E2BA3DDC500196EFD /* Release */,
			);
			defaultConfigurationIsVisible = 0;
			defaultConfigurationName = Release;
		};
		7041602F2BA3DDC500196EFD /* Build configuration list for PBXNativeTarget "Bankey" */ = {
			isa = XCConfigurationList;
			buildConfigurations = (
				704160302BA3DDC500196EFD /* Debug */,
				704160312BA3DDC500196EFD /* Release */,
			);
			defaultConfigurationIsVisible = 0;
			defaultConfigurationName = Release;
		};
		704160322BA3DDC500196EFD /* Build configuration list for PBXNativeTarget "BankeyTests" */ = {
			isa = XCConfigurationList;
			buildConfigurations = (
				704160332BA3DDC500196EFD /* Debug */,
				704160342BA3DDC500196EFD /* Release */,
			);
			defaultConfigurationIsVisible = 0;
			defaultConfigurationName = Release;
		};
		704160352BA3DDC500196EFD /* Build configuration list for PBXNativeTarget "BankeyUITests" */ = {
			isa = XCConfigurationList;
			buildConfigurations = (
				704160362BA3DDC500196EFD /* Debug */,
				704160372BA3DDC500196EFD /* Release */,
			);
			defaultConfigurationIsVisible = 0;
			defaultConfigurationName = Release;
		};
/* End XCConfigurationList section */
	};
	rootObject = 70415FFD2BA3DDC300196EFD /* Project object */;
}
